
Microsoft Visual Studio Solution File, Format Version 12.00
# Visual Studio Version 17
VisualStudioVersion = 17.1.32414.318
MinimumVisualStudioVersion = 10.0.40219.1
Project("{FAE04EC0-301F-11D3-BF4B-00C04F79EFBC}") = "AccountsProject", "AccountsProject\AccountsProject.csproj", "{9CC19766-2723-4D0D-BEB1-7883864DDFFB}"
EndProject
Global
	GlobalSection(SolutionConfigurationPlatforms) = preSolution
		Debug|Any CPU = Debug|Any CPU
		Release|Any CPU = Release|Any CPU
	EndGlobalSection
	GlobalSection(ProjectConfigurationPlatforms) = postSolution
		{9CC19766-2723-4D0D-BEB1-7883864DDFFB}.Debug|Any CPU.ActiveCfg = Debug|Any CPU
		{9CC19766-2723-4D0D-BEB1-7883864DDFFB}.Debug|Any CPU.Build.0 = Debug|Any CPU
		{9CC19766-2723-4D0D-BEB1-7883864DDFFB}.Release|Any CPU.ActiveCfg = Release|Any CPU
		{9CC19766-2723-4D0D-BEB1-7883864DDFFB}.Release|Any CPU.Build.0 = Release|Any CPU
	EndGlobalSection
	GlobalSection(SolutionProperties) = preSolution
		HideSolutionNode = FALSE
	EndGlobalSection
	GlobalSection(ExtensibilityGlobals) = postSolution
		SolutionGuid = {2C21B982-B6E5-4F7B-B9BA-275497A4BB33}
	EndGlobalSection
EndGlobal
